
Microsoft Visual Studio Solution File, Format Version 12.00
# Visual Studio Version 17
VisualStudioVersion = 17.4.33213.308
MinimumVisualStudioVersion = 10.0.40219.1
Project("{FAE04EC0-301F-11D3-BF4B-00C04F79EFBC}") = "ITNVHTTPListenerService", "ITNVTCPListenerService\ITNVHTTPListenerService.csproj", "{6F2FC4D1-5437-41BF-B152-2BE46E633304}"
	ProjectSection(ProjectDependencies) = postProject
		{49497BEF-143A-4A3C-B46B-8AE5BAA794A0} = {49497BEF-143A-4A3C-B46B-8AE5BAA794A0}
		{B08FD114-0748-4361-8A74-0DD710DA0F7E} = {B08FD114-0748-4361-8A74-0DD710DA0F7E}
		{D7F1D850-D1D7-4948-B69D-4CCDD9B80372} = {D7F1D850-D1D7-4948-B69D-4CCDD9B80372}
		{E4AAB63F-9E32-4143-A6EE-61931CFD5F9C} = {E4AAB63F-9E32-4143-A6EE-61931CFD5F9C}
		{E95A61B1-5571-4924-BE27-A6B25DE4A344} = {E95A61B1-5571-4924-BE27-A6B25DE4A344}
		{EE73A059-52E2-4E50-B9EB-115C9A0A4AF6} = {EE73A059-52E2-4E50-B9EB-115C9A0A4AF6}
		{F78E9C86-C91D-4DE8-9FF7-31BCB623444F} = {F78E9C86-C91D-4DE8-9FF7-31BCB623444F}
	EndProjectSection
EndProject
Project("{2150E333-8FDC-42A3-9474-1A3956D46DE8}") = "_Plugins", "_Plugins", "{3D3C1FB5-0ADE-41F9-96E9-68684D4245E9}"
EndProject
Project("{FAE04EC0-301F-11D3-BF4B-00C04F79EFBC}") = "_PluginContracts", "_Plugins\PluginContracts\_PluginContracts.csproj", "{56360147-EBC3-4A8C-BD7A-D3F785FA2718}"
EndProject
Project("{FAE04EC0-301F-11D3-BF4B-00C04F79EFBC}") = "PluginCemax", "_Plugins\PluginCemax\PluginCemax.csproj", "{F78E9C86-C91D-4DE8-9FF7-31BCB623444F}"
EndProject
Project("{2150E333-8FDC-42A3-9474-1A3956D46DE8}") = "_Utilities", "_Utilities", "{A7D2F65A-D240-4660-8A2E-824318CA8AC9}"
EndProject
Project("{2150E333-8FDC-42A3-9474-1A3956D46DE8}") = "EHLLAPI", "EHLLAPI", "{0C8131CD-6FE5-442C-A847-DCE7765D63D0}"
EndProject
Project("{2150E333-8FDC-42A3-9474-1A3956D46DE8}") = "Basic", "Basic", "{0A367235-C379-4F03-A10E-FFCFED0946E4}"
EndProject
Project("{FAE04EC0-301F-11D3-BF4B-00C04F79EFBC}") = "BasicSharp", "_Utilities\Basic\BasicSharp\BasicSharp.csproj", "{EE73A059-52E2-4E50-B9EB-115C9A0A4AF6}"
EndProject
Project("{FAE04EC0-301F-11D3-BF4B-00C04F79EFBC}") = "BasicSharp.Test", "_Utilities\Basic\BasicSharp.Test\BasicSharp.Test.csproj", "{413B4EE1-BE77-4F68-8190-FD750590123A}"
EndProject
Project("{FAE04EC0-301F-11D3-BF4B-00C04F79EFBC}") = "EHllApi", "_Utilities\EHLLAPI\EHllApi\EHllApi.csproj", "{49497BEF-143A-4A3C-B46B-8AE5BAA794A0}"
EndProject
Project("{FAE04EC0-301F-11D3-BF4B-00C04F79EFBC}") = "SimulatorEHllApi", "_Utilities\EHLLAPI\SImulatorHllApi\SimulatorEHllApi.csproj", "{3D3F4038-A15A-4A31-A502-E1D4AFEF4576}"
EndProject
Project("{FAE04EC0-301F-11D3-BF4B-00C04F79EFBC}") = "PluginEHllApi", "_Plugins\PluginEHllApi\PluginEHllApi.csproj", "{E4AAB63F-9E32-4143-A6EE-61931CFD5F9C}"
EndProject
Project("{FAE04EC0-301F-11D3-BF4B-00C04F79EFBC}") = "PluginPopupBrowserTab", "_Plugins\PluginPopupBrowserTab\PluginPopupBrowserTab.csproj", "{E95A61B1-5571-4924-BE27-A6B25DE4A344}"
EndProject
Project("{FAE04EC0-301F-11D3-BF4B-00C04F79EFBC}") = "_PluginModels", "_Plugins\PluginModels\_PluginModels.csproj", "{F5FBB2EC-442B-489F-91BE-71F6B9629000}"
EndProject
Project("{FAE04EC0-301F-11D3-BF4B-00C04F79EFBC}") = "PluginPopupTest", "_Plugins\PluginPopupTest\PluginPopupTest.csproj", "{D7F1D850-D1D7-4948-B69D-4CCDD9B80372}"
EndProject
Project("{2150E333-8FDC-42A3-9474-1A3956D46DE8}") = "Configuration", "Configuration", "{4BD0C47C-3F71-4C8A-A111-C80601C96E8F}"
EndProject
Project("{FAE04EC0-301F-11D3-BF4B-00C04F79EFBC}") = "PluginConfiguration", "_Utilities\Configuration\PluginConfiguration\PluginConfiguration.csproj", "{B08FD114-0748-4361-8A74-0DD710DA0F7E}"
EndProject
Project("{FAE04EC0-301F-11D3-BF4B-00C04F79EFBC}") = "PluginCRMPopup_MIMUN_YASHIR", "_Plugins\ITNVCRMPopup_MIMUN_YASHIR\PluginCRMPopup_MIMUN_YASHIR.csproj", "{4F1C1205-869C-4B57-8DC1-EC9E21363E7B}"
EndProject
Project("{FAE04EC0-301F-11D3-BF4B-00C04F79EFBC}") = "PluginRunApplication", "_Utilities\RunApplication\PluginRunApplication.csproj", "{513C334F-0E8F-474C-93A5-15044BD87C7D}"
EndProject
Global
	GlobalSection(SolutionConfigurationPlatforms) = preSolution
		Debug|Any CPU = Debug|Any CPU
		Debug|x86 = Debug|x86
		Release|Any CPU = Release|Any CPU
		Release|x86 = Release|x86
	EndGlobalSection
	GlobalSection(ProjectConfigurationPlatforms) = postSolution
		{6F2FC4D1-5437-41BF-B152-2BE46E633304}.Debug|Any CPU.ActiveCfg = Debug|Any CPU
		{6F2FC4D1-5437-41BF-B152-2BE46E633304}.Debug|Any CPU.Build.0 = Debug|Any CPU
		{6F2FC4D1-5437-41BF-B152-2BE46E633304}.Debug|x86.ActiveCfg = Debug|Any CPU
		{6F2FC4D1-5437-41BF-B152-2BE46E633304}.Debug|x86.Build.0 = Debug|Any CPU
		{6F2FC4D1-5437-41BF-B152-2BE46E633304}.Release|Any CPU.ActiveCfg = Release|Any CPU
		{6F2FC4D1-5437-41BF-B152-2BE46E633304}.Release|Any CPU.Build.0 = Release|Any CPU
		{6F2FC4D1-5437-41BF-B152-2BE46E633304}.Release|x86.ActiveCfg = Release|Any CPU
		{6F2FC4D1-5437-41BF-B152-2BE46E633304}.Release|x86.Build.0 = Release|Any CPU
		{56360147-EBC3-4A8C-BD7A-D3F785FA2718}.Debug|Any CPU.ActiveCfg = Debug|Any CPU
		{56360147-EBC3-4A8C-BD7A-D3F785FA2718}.Debug|Any CPU.Build.0 = Debug|Any CPU
		{56360147-EBC3-4A8C-BD7A-D3F785FA2718}.Debug|x86.ActiveCfg = Debug|Any CPU
		{56360147-EBC3-4A8C-BD7A-D3F785FA2718}.Debug|x86.Build.0 = Debug|Any CPU
		{56360147-EBC3-4A8C-BD7A-D3F785FA2718}.Release|Any CPU.ActiveCfg = Release|Any CPU
		{56360147-EBC3-4A8C-BD7A-D3F785FA2718}.Release|Any CPU.Build.0 = Release|Any CPU
		{56360147-EBC3-4A8C-BD7A-D3F785FA2718}.Release|x86.ActiveCfg = Release|Any CPU
		{56360147-EBC3-4A8C-BD7A-D3F785FA2718}.Release|x86.Build.0 = Release|Any CPU
		{F78E9C86-C91D-4DE8-9FF7-31BCB623444F}.Debug|Any CPU.ActiveCfg = Debug|Any CPU
		{F78E9C86-C91D-4DE8-9FF7-31BCB623444F}.Debug|Any CPU.Build.0 = Debug|Any CPU
		{F78E9C86-C91D-4DE8-9FF7-31BCB623444F}.Debug|x86.ActiveCfg = Debug|Any CPU
		{F78E9C86-C91D-4DE8-9FF7-31BCB623444F}.Debug|x86.Build.0 = Debug|Any CPU
		{F78E9C86-C91D-4DE8-9FF7-31BCB623444F}.Release|Any CPU.ActiveCfg = Release|Any CPU
		{F78E9C86-C91D-4DE8-9FF7-31BCB623444F}.Release|Any CPU.Build.0 = Release|Any CPU
		{F78E9C86-C91D-4DE8-9FF7-31BCB623444F}.Release|x86.ActiveCfg = Release|Any CPU
		{F78E9C86-C91D-4DE8-9FF7-31BCB623444F}.Release|x86.Build.0 = Release|Any CPU
		{EE73A059-52E2-4E50-B9EB-115C9A0A4AF6}.Debug|Any CPU.ActiveCfg = Debug|Any CPU
		{EE73A059-52E2-4E50-B9EB-115C9A0A4AF6}.Debug|Any CPU.Build.0 = Debug|Any CPU
		{EE73A059-52E2-4E50-B9EB-115C9A0A4AF6}.Debug|x86.ActiveCfg = Debug|x86
		{EE73A059-52E2-4E50-B9EB-115C9A0A4AF6}.Debug|x86.Build.0 = Debug|x86
		{EE73A059-52E2-4E50-B9EB-115C9A0A4AF6}.Release|Any CPU.ActiveCfg = Release|Any CPU
		{EE73A059-52E2-4E50-B9EB-115C9A0A4AF6}.Release|Any CPU.Build.0 = Release|Any CPU
		{EE73A059-52E2-4E50-B9EB-115C9A0A4AF6}.Release|x86.ActiveCfg = Release|x86
		{EE73A059-52E2-4E50-B9EB-115C9A0A4AF6}.Release|x86.Build.0 = Release|x86
		{413B4EE1-BE77-4F68-8190-FD750590123A}.Debug|Any CPU.ActiveCfg = Debug|Any CPU
		{413B4EE1-BE77-4F68-8190-FD750590123A}.Debug|Any CPU.Build.0 = Debug|Any CPU
		{413B4EE1-BE77-4F68-8190-FD750590123A}.Debug|x86.ActiveCfg = Debug|Any CPU
		{413B4EE1-BE77-4F68-8190-FD750590123A}.Debug|x86.Build.0 = Debug|Any CPU
		{413B4EE1-BE77-4F68-8190-FD750590123A}.Release|Any CPU.ActiveCfg = Release|Any CPU
		{413B4EE1-BE77-4F68-8190-FD750590123A}.Release|Any CPU.Build.0 = Release|Any CPU
		{413B4EE1-BE77-4F68-8190-FD750590123A}.Release|x86.ActiveCfg = Release|Any CPU
		{413B4EE1-BE77-4F68-8190-FD750590123A}.Release|x86.Build.0 = Release|Any CPU
		{49497BEF-143A-4A3C-B46B-8AE5BAA794A0}.Debug|Any CPU.ActiveCfg = Debug|Any CPU
		{49497BEF-143A-4A3C-B46B-8AE5BAA794A0}.Debug|Any CPU.Build.0 = Debug|Any CPU
		{49497BEF-143A-4A3C-B46B-8AE5BAA794A0}.Debug|x86.ActiveCfg = Debug|Any CPU
		{49497BEF-143A-4A3C-B46B-8AE5BAA794A0}.Debug|x86.Build.0 = Debug|Any CPU
		{49497BEF-143A-4A3C-B46B-8AE5BAA794A0}.Release|Any CPU.ActiveCfg = Release|Any CPU
		{49497BEF-143A-4A3C-B46B-8AE5BAA794A0}.Release|Any CPU.Build.0 = Release|Any CPU
		{49497BEF-143A-4A3C-B46B-8AE5BAA794A0}.Release|x86.ActiveCfg = Release|Any CPU
		{49497BEF-143A-4A3C-B46B-8AE5BAA794A0}.Release|x86.Build.0 = Release|Any CPU
		{3D3F4038-A15A-4A31-A502-E1D4AFEF4576}.Debug|Any CPU.ActiveCfg = Debug|Any CPU
		{3D3F4038-A15A-4A31-A502-E1D4AFEF4576}.Debug|Any CPU.Build.0 = Debug|Any CPU
		{3D3F4038-A15A-4A31-A502-E1D4AFEF4576}.Debug|x86.ActiveCfg = Debug|Any CPU
		{3D3F4038-A15A-4A31-A502-E1D4AFEF4576}.Debug|x86.Build.0 = Debug|Any CPU
		{3D3F4038-A15A-4A31-A502-E1D4AFEF4576}.Release|Any CPU.ActiveCfg = Release|Any CPU
		{3D3F4038-A15A-4A31-A502-E1D4AFEF4576}.Release|Any CPU.Build.0 = Release|Any CPU
		{3D3F4038-A15A-4A31-A502-E1D4AFEF4576}.Release|x86.ActiveCfg = Release|Any CPU
		{3D3F4038-A15A-4A31-A502-E1D4AFEF4576}.Release|x86.Build.0 = Release|Any CPU
		{E4AAB63F-9E32-4143-A6EE-61931CFD5F9C}.Debug|Any CPU.ActiveCfg = Debug|Any CPU
		{E4AAB63F-9E32-4143-A6EE-61931CFD5F9C}.Debug|Any CPU.Build.0 = Debug|Any CPU
		{E4AAB63F-9E32-4143-A6EE-61931CFD5F9C}.Debug|x86.ActiveCfg = Debug|Any CPU
		{E4AAB63F-9E32-4143-A6EE-61931CFD5F9C}.Debug|x86.Build.0 = Debug|Any CPU
		{E4AAB63F-9E32-4143-A6EE-61931CFD5F9C}.Release|Any CPU.ActiveCfg = Release|Any CPU
		{E4AAB63F-9E32-4143-A6EE-61931CFD5F9C}.Release|Any CPU.Build.0 = Release|Any CPU
		{E4AAB63F-9E32-4143-A6EE-61931CFD5F9C}.Release|x86.ActiveCfg = Release|Any CPU
		{E4AAB63F-9E32-4143-A6EE-61931CFD5F9C}.Release|x86.Build.0 = Release|Any CPU
		{E95A61B1-5571-4924-BE27-A6B25DE4A344}.Debug|Any CPU.ActiveCfg = Debug|Any CPU
		{E95A61B1-5571-4924-BE27-A6B25DE4A344}.Debug|Any CPU.Build.0 = Debug|Any CPU
		{E95A61B1-5571-4924-BE27-A6B25DE4A344}.Debug|x86.ActiveCfg = Debug|Any CPU
		{E95A61B1-5571-4924-BE27-A6B25DE4A344}.Debug|x86.Build.0 = Debug|Any CPU
		{E95A61B1-5571-4924-BE27-A6B25DE4A344}.Release|Any CPU.ActiveCfg = Release|Any CPU
		{E95A61B1-5571-4924-BE27-A6B25DE4A344}.Release|Any CPU.Build.0 = Release|Any CPU
		{E95A61B1-5571-4924-BE27-A6B25DE4A344}.Release|x86.ActiveCfg = Release|Any CPU
		{E95A61B1-5571-4924-BE27-A6B25DE4A344}.Release|x86.Build.0 = Release|Any CPU
		{F5FBB2EC-442B-489F-91BE-71F6B9629000}.Debug|Any CPU.ActiveCfg = Debug|Any CPU
		{F5FBB2EC-442B-489F-91BE-71F6B9629000}.Debug|Any CPU.Build.0 = Debug|Any CPU
		{F5FBB2EC-442B-489F-91BE-71F6B9629000}.Debug|x86.ActiveCfg = Debug|Any CPU
		{F5FBB2EC-442B-489F-91BE-71F6B9629000}.Debug|x86.Build.0 = Debug|Any CPU
		{F5FBB2EC-442B-489F-91BE-71F6B9629000}.Release|Any CPU.ActiveCfg = Release|Any CPU
		{F5FBB2EC-442B-489F-91BE-71F6B9629000}.Release|Any CPU.Build.0 = Release|Any CPU
		{F5FBB2EC-442B-489F-91BE-71F6B9629000}.Release|x86.ActiveCfg = Release|Any CPU
		{F5FBB2EC-442B-489F-91BE-71F6B9629000}.Release|x86.Build.0 = Release|Any CPU
		{D7F1D850-D1D7-4948-B69D-4CCDD9B80372}.Debug|Any CPU.ActiveCfg = Debug|Any CPU
		{D7F1D850-D1D7-4948-B69D-4CCDD9B80372}.Debug|Any CPU.Build.0 = Debug|Any CPU
		{D7F1D850-D1D7-4948-B69D-4CCDD9B80372}.Debug|x86.ActiveCfg = Debug|Any CPU
		{D7F1D850-D1D7-4948-B69D-4CCDD9B80372}.Debug|x86.Build.0 = Debug|Any CPU
		{D7F1D850-D1D7-4948-B69D-4CCDD9B80372}.Release|Any CPU.ActiveCfg = Release|Any CPU
		{D7F1D850-D1D7-4948-B69D-4CCDD9B80372}.Release|Any CPU.Build.0 = Release|Any CPU
		{D7F1D850-D1D7-4948-B69D-4CCDD9B80372}.Release|x86.ActiveCfg = Release|Any CPU
		{D7F1D850-D1D7-4948-B69D-4CCDD9B80372}.Release|x86.Build.0 = Release|Any CPU
		{B08FD114-0748-4361-8A74-0DD710DA0F7E}.Debug|Any CPU.ActiveCfg = Debug|Any CPU
		{B08FD114-0748-4361-8A74-0DD710DA0F7E}.Debug|Any CPU.Build.0 = Debug|Any CPU
		{B08FD114-0748-4361-8A74-0DD710DA0F7E}.Debug|x86.ActiveCfg = Debug|Any CPU
		{B08FD114-0748-4361-8A74-0DD710DA0F7E}.Debug|x86.Build.0 = Debug|Any CPU
		{B08FD114-0748-4361-8A74-0DD710DA0F7E}.Release|Any CPU.ActiveCfg = Release|Any CPU
		{B08FD114-0748-4361-8A74-0DD710DA0F7E}.Release|Any CPU.Build.0 = Release|Any CPU
		{B08FD114-0748-4361-8A74-0DD710DA0F7E}.Release|x86.ActiveCfg = Release|Any CPU
		{B08FD114-0748-4361-8A74-0DD710DA0F7E}.Release|x86.Build.0 = Release|Any CPU
		{4F1C1205-869C-4B57-8DC1-EC9E21363E7B}.Debug|Any CPU.ActiveCfg = Debug|Any CPU
		{4F1C1205-869C-4B57-8DC1-EC9E21363E7B}.Debug|Any CPU.Build.0 = Debug|Any CPU
		{4F1C1205-869C-4B57-8DC1-EC9E21363E7B}.Debug|x86.ActiveCfg = Debug|Any CPU
		{4F1C1205-869C-4B57-8DC1-EC9E21363E7B}.Debug|x86.Build.0 = Debug|Any CPU
		{4F1C1205-869C-4B57-8DC1-EC9E21363E7B}.Release|Any CPU.ActiveCfg = Release|Any CPU
		{4F1C1205-869C-4B57-8DC1-EC9E21363E7B}.Release|Any CPU.Build.0 = Release|Any CPU
		{4F1C1205-869C-4B57-8DC1-EC9E21363E7B}.Release|x86.ActiveCfg = Release|Any CPU
		{4F1C1205-869C-4B57-8DC1-EC9E21363E7B}.Release|x86.Build.0 = Release|Any CPU
		{513C334F-0E8F-474C-93A5-15044BD87C7D}.Debug|Any CPU.ActiveCfg = Debug|Any CPU
		{513C334F-0E8F-474C-93A5-15044BD87C7D}.Debug|Any CPU.Build.0 = Debug|Any CPU
		{513C334F-0E8F-474C-93A5-15044BD87C7D}.Debug|x86.ActiveCfg = Debug|Any CPU
		{513C334F-0E8F-474C-93A5-15044BD87C7D}.Debug|x86.Build.0 = Debug|Any CPU
		{513C334F-0E8F-474C-93A5-15044BD87C7D}.Release|Any CPU.ActiveCfg = Release|Any CPU
		{513C334F-0E8F-474C-93A5-15044BD87C7D}.Release|Any CPU.Build.0 = Release|Any CPU
		{513C334F-0E8F-474C-93A5-15044BD87C7D}.Release|x86.ActiveCfg = Release|Any CPU
		{513C334F-0E8F-474C-93A5-15044BD87C7D}.Release|x86.Build.0 = Release|Any CPU
	EndGlobalSection
	GlobalSection(SolutionProperties) = preSolution
		HideSolutionNode = FALSE
	EndGlobalSection
	GlobalSection(NestedProjects) = preSolution
		{56360147-EBC3-4A8C-BD7A-D3F785FA2718} = {3D3C1FB5-0ADE-41F9-96E9-68684D4245E9}
		{F78E9C86-C91D-4DE8-9FF7-31BCB623444F} = {3D3C1FB5-0ADE-41F9-96E9-68684D4245E9}
		{0C8131CD-6FE5-442C-A847-DCE7765D63D0} = {A7D2F65A-D240-4660-8A2E-824318CA8AC9}
		{0A367235-C379-4F03-A10E-FFCFED0946E4} = {A7D2F65A-D240-4660-8A2E-824318CA8AC9}
		{EE73A059-52E2-4E50-B9EB-115C9A0A4AF6} = {0A367235-C379-4F03-A10E-FFCFED0946E4}
		{413B4EE1-BE77-4F68-8190-FD750590123A} = {0A367235-C379-4F03-A10E-FFCFED0946E4}
		{49497BEF-143A-4A3C-B46B-8AE5BAA794A0} = {0C8131CD-6FE5-442C-A847-DCE7765D63D0}
		{3D3F4038-A15A-4A31-A502-E1D4AFEF4576} = {0C8131CD-6FE5-442C-A847-DCE7765D63D0}
		{E4AAB63F-9E32-4143-A6EE-61931CFD5F9C} = {3D3C1FB5-0ADE-41F9-96E9-68684D4245E9}
		{E95A61B1-5571-4924-BE27-A6B25DE4A344} = {3D3C1FB5-0ADE-41F9-96E9-68684D4245E9}
		{F5FBB2EC-442B-489F-91BE-71F6B9629000} = {3D3C1FB5-0ADE-41F9-96E9-68684D4245E9}
		{D7F1D850-D1D7-4948-B69D-4CCDD9B80372} = {3D3C1FB5-0ADE-41F9-96E9-68684D4245E9}
		{4BD0C47C-3F71-4C8A-A111-C80601C96E8F} = {A7D2F65A-D240-4660-8A2E-824318CA8AC9}
		{B08FD114-0748-4361-8A74-0DD710DA0F7E} = {4BD0C47C-3F71-4C8A-A111-C80601C96E8F}
		{4F1C1205-869C-4B57-8DC1-EC9E21363E7B} = {3D3C1FB5-0ADE-41F9-96E9-68684D4245E9}
		{513C334F-0E8F-474C-93A5-15044BD87C7D} = {A7D2F65A-D240-4660-8A2E-824318CA8AC9}
	EndGlobalSection
	GlobalSection(ExtensibilityGlobals) = postSolution
		SolutionGuid = {F1F36ED1-8744-43C3-AAA6-8AD0D3C958B0}
	EndGlobalSection
EndGlobal
